
Microsoft Visual Studio Solution File, Format Version 12.00
# Visual Studio Version 17
VisualStudioVersion = 17.5.33627.172
MinimumVisualStudioVersion = 10.0.40219.1
Project("{9A19103F-16F7-4668-BE54-9A1E7A4F7556}") = "Ora_01", "Ora_01\Ora_01.csproj", "{803BEC9F-039A-4121-864D-80D13AEDAB83}"
EndProject
Project("{9A19103F-16F7-4668-BE54-9A1E7A4F7556}") = "Ora_02", "Ora_02\Ora_02.csproj", "{CE5C87E8-501C-4697-8CD5-00BD1949EDCE}"
EndProject
Project("{9A19103F-16F7-4668-BE54-9A1E7A4F7556}") = "Ora_03", "Ora_03\Ora_03.csproj", "{2ABD5BD1-334F-450E-8F32-25586E35E1DE}"
EndProject
Project("{9A19103F-16F7-4668-BE54-9A1E7A4F7556}") = "Ora_04_Main", "Ora_04\Ora_04_Main\Ora_04_Main.csproj", "{5884C956-AA4B-4B6E-B95B-5A739E2171CE}"
EndProject
Project("{9A19103F-16F7-4668-BE54-9A1E7A4F7556}") = "PersonClasses", "Ora_04\PersonClasses\PersonClasses.csproj", "{F55E7300-FE6E-44C4-AD63-DFCB2088B744}"
EndProject
Project("{9A19103F-16F7-4668-BE54-9A1E7A4F7556}") = "Ora_05", "Ora_05\Ora_05.csproj", "{9B2AF1B2-EE51-4689-8710-F1F51C2144A2}"
EndProject
Project("{FAE04EC0-301F-11D3-BF4B-00C04F79EFBC}") = "Ora_06", "Ora_06\Ora_06.csproj", "{A792BD13-4AF7-46BC-B232-075E4BCBFA32}"
EndProject
Project("{FAE04EC0-301F-11D3-BF4B-00C04F79EFBC}") = "NumberLogicTests", "NumberLogicTests\NumberLogicTests.csproj", "{5B4E6BD6-672F-4234-816A-95E1B2FBA4B8}"
EndProject
Project("{9A19103F-16F7-4668-BE54-9A1E7A4F7556}") = "Ora_07", "Ora_07\Ora_07.csproj", "{5914BBE3-902F-4D0B-B300-7FC4348A934A}"
EndProject
Global
	GlobalSection(SolutionConfigurationPlatforms) = preSolution
		Debug|Any CPU = Debug|Any CPU
		Release|Any CPU = Release|Any CPU
	EndGlobalSection
	GlobalSection(ProjectConfigurationPlatforms) = postSolution
		{803BEC9F-039A-4121-864D-80D13AEDAB83}.Debug|Any CPU.ActiveCfg = Debug|Any CPU
		{803BEC9F-039A-4121-864D-80D13AEDAB83}.Debug|Any CPU.Build.0 = Debug|Any CPU
		{803BEC9F-039A-4121-864D-80D13AEDAB83}.Release|Any CPU.ActiveCfg = Release|Any CPU
		{803BEC9F-039A-4121-864D-80D13AEDAB83}.Release|Any CPU.Build.0 = Release|Any CPU
		{CE5C87E8-501C-4697-8CD5-00BD1949EDCE}.Debug|Any CPU.ActiveCfg = Debug|Any CPU
		{CE5C87E8-501C-4697-8CD5-00BD1949EDCE}.Debug|Any CPU.Build.0 = Debug|Any CPU
		{CE5C87E8-501C-4697-8CD5-00BD1949EDCE}.Release|Any CPU.ActiveCfg = Release|Any CPU
		{CE5C87E8-501C-4697-8CD5-00BD1949EDCE}.Release|Any CPU.Build.0 = Release|Any CPU
		{2ABD5BD1-334F-450E-8F32-25586E35E1DE}.Debug|Any CPU.ActiveCfg = Debug|Any CPU
		{2ABD5BD1-334F-450E-8F32-25586E35E1DE}.Debug|Any CPU.Build.0 = Debug|Any CPU
		{2ABD5BD1-334F-450E-8F32-25586E35E1DE}.Release|Any CPU.ActiveCfg = Release|Any CPU
		{2ABD5BD1-334F-450E-8F32-25586E35E1DE}.Release|Any CPU.Build.0 = Release|Any CPU
		{5884C956-AA4B-4B6E-B95B-5A739E2171CE}.Debug|Any CPU.ActiveCfg = Debug|Any CPU
		{5884C956-AA4B-4B6E-B95B-5A739E2171CE}.Debug|Any CPU.Build.0 = Debug|Any CPU
		{5884C956-AA4B-4B6E-B95B-5A739E2171CE}.Release|Any CPU.ActiveCfg = Release|Any CPU
		{5884C956-AA4B-4B6E-B95B-5A739E2171CE}.Release|Any CPU.Build.0 = Release|Any CPU
		{F55E7300-FE6E-44C4-AD63-DFCB2088B744}.Debug|Any CPU.ActiveCfg = Debug|Any CPU
		{F55E7300-FE6E-44C4-AD63-DFCB2088B744}.Debug|Any CPU.Build.0 = Debug|Any CPU
		{F55E7300-FE6E-44C4-AD63-DFCB2088B744}.Release|Any CPU.ActiveCfg = Release|Any CPU
		{F55E7300-FE6E-44C4-AD63-DFCB2088B744}.Release|Any CPU.Build.0 = Release|Any CPU
		{9B2AF1B2-EE51-4689-8710-F1F51C2144A2}.Debug|Any CPU.ActiveCfg = Debug|Any CPU
		{9B2AF1B2-EE51-4689-8710-F1F51C2144A2}.Debug|Any CPU.Build.0 = Debug|Any CPU
		{9B2AF1B2-EE51-4689-8710-F1F51C2144A2}.Release|Any CPU.ActiveCfg = Release|Any CPU
		{9B2AF1B2-EE51-4689-8710-F1F51C2144A2}.Release|Any CPU.Build.0 = Release|Any CPU
		{A792BD13-4AF7-46BC-B232-075E4BCBFA32}.Debug|Any CPU.ActiveCfg = Debug|Any CPU
		{A792BD13-4AF7-46BC-B232-075E4BCBFA32}.Debug|Any CPU.Build.0 = Debug|Any CPU
		{A792BD13-4AF7-46BC-B232-075E4BCBFA32}.Release|Any CPU.ActiveCfg = Release|Any CPU
		{A792BD13-4AF7-46BC-B232-075E4BCBFA32}.Release|Any CPU.Build.0 = Release|Any CPU
		{5B4E6BD6-672F-4234-816A-95E1B2FBA4B8}.Debug|Any CPU.ActiveCfg = Debug|Any CPU
		{5B4E6BD6-672F-4234-816A-95E1B2FBA4B8}.Debug|Any CPU.Build.0 = Debug|Any CPU
		{5B4E6BD6-672F-4234-816A-95E1B2FBA4B8}.Release|Any CPU.ActiveCfg = Release|Any CPU
		{5B4E6BD6-672F-4234-816A-95E1B2FBA4B8}.Release|Any CPU.Build.0 = Release|Any CPU
		{5914BBE3-902F-4D0B-B300-7FC4348A934A}.Debug|Any CPU.ActiveCfg = Debug|Any CPU
		{5914BBE3-902F-4D0B-B300-7FC4348A934A}.Debug|Any CPU.Build.0 = Debug|Any CPU
		{5914BBE3-902F-4D0B-B300-7FC4348A934A}.Release|Any CPU.ActiveCfg = Release|Any CPU
		{5914BBE3-902F-4D0B-B300-7FC4348A934A}.Release|Any CPU.Build.0 = Release|Any CPU
	EndGlobalSection
	GlobalSection(SolutionProperties) = preSolution
		HideSolutionNode = FALSE
	EndGlobalSection
	GlobalSection(ExtensibilityGlobals) = postSolution
		SolutionGuid = {C0297D7E-C8EA-4021-938B-932F20EC32BF}
	EndGlobalSection
EndGlobal
