
Microsoft Visual Studio Solution File, Format Version 12.00
# Visual Studio Version 17
VisualStudioVersion = 17.5.33627.172
MinimumVisualStudioVersion = 10.0.40219.1
Project("{9A19103F-16F7-4668-BE54-9A1E7A4F7556}") = "Ora_01", "Ora_01\Ora_01.csproj", "{803BEC9F-039A-4121-864D-80D13AEDAB83}"
EndProject
Project("{9A19103F-16F7-4668-BE54-9A1E7A4F7556}") = "Ora_02", "Ora_02\Ora_02.csproj", "{CE5C87E8-501C-4697-8CD5-00BD1949EDCE}"
EndProject
Project("{9A19103F-16F7-4668-BE54-9A1E7A4F7556}") = "Ora_03", "Ora_03\Ora_03.csproj", "{2ABD5BD1-334F-450E-8F32-25586E35E1DE}"
EndProject
Project("{FAE04EC0-301F-11D3-BF4B-00C04F79EFBC}") = "Ora_04", "Ora_04\Ora_04.csproj", "{0908B57E-5696-485A-8628-3ABD3374155B}"
EndProject
Global
	GlobalSection(SolutionConfigurationPlatforms) = preSolution
		Debug|Any CPU = Debug|Any CPU
		Release|Any CPU = Release|Any CPU
	EndGlobalSection
	GlobalSection(ProjectConfigurationPlatforms) = postSolution
		{803BEC9F-039A-4121-864D-80D13AEDAB83}.Debug|Any CPU.ActiveCfg = Debug|Any CPU
		{803BEC9F-039A-4121-864D-80D13AEDAB83}.Debug|Any CPU.Build.0 = Debug|Any CPU
		{803BEC9F-039A-4121-864D-80D13AEDAB83}.Release|Any CPU.ActiveCfg = Release|Any CPU
		{803BEC9F-039A-4121-864D-80D13AEDAB83}.Release|Any CPU.Build.0 = Release|Any CPU
		{CE5C87E8-501C-4697-8CD5-00BD1949EDCE}.Debug|Any CPU.ActiveCfg = Debug|Any CPU
		{CE5C87E8-501C-4697-8CD5-00BD1949EDCE}.Debug|Any CPU.Build.0 = Debug|Any CPU
		{CE5C87E8-501C-4697-8CD5-00BD1949EDCE}.Release|Any CPU.ActiveCfg = Release|Any CPU
		{CE5C87E8-501C-4697-8CD5-00BD1949EDCE}.Release|Any CPU.Build.0 = Release|Any CPU
		{2ABD5BD1-334F-450E-8F32-25586E35E1DE}.Debug|Any CPU.ActiveCfg = Debug|Any CPU
		{2ABD5BD1-334F-450E-8F32-25586E35E1DE}.Debug|Any CPU.Build.0 = Debug|Any CPU
		{2ABD5BD1-334F-450E-8F32-25586E35E1DE}.Release|Any CPU.ActiveCfg = Release|Any CPU
		{2ABD5BD1-334F-450E-8F32-25586E35E1DE}.Release|Any CPU.Build.0 = Release|Any CPU
		{0908B57E-5696-485A-8628-3ABD3374155B}.Debug|Any CPU.ActiveCfg = Debug|Any CPU
		{0908B57E-5696-485A-8628-3ABD3374155B}.Debug|Any CPU.Build.0 = Debug|Any CPU
		{0908B57E-5696-485A-8628-3ABD3374155B}.Release|Any CPU.ActiveCfg = Release|Any CPU
		{0908B57E-5696-485A-8628-3ABD3374155B}.Release|Any CPU.Build.0 = Release|Any CPU
	EndGlobalSection
	GlobalSection(SolutionProperties) = preSolution
		HideSolutionNode = FALSE
	EndGlobalSection
	GlobalSection(ExtensibilityGlobals) = postSolution
		SolutionGuid = {C0297D7E-C8EA-4021-938B-932F20EC32BF}
	EndGlobalSection
EndGlobal
